{
  "name": "tiptap-app",
  "version": "1.0.0",
  "lockfileVersion": 3,
  "requires": true,
  "packages": {
    "": {
      "name": "tiptap-app",
      "version": "1.0.0",
      "license": "MIT",
      "dependencies": {
        "@tiptap/extension-collaboration": "3.27.4",
        "@tiptap/extension-collaboration-caret": "3.27.4",
        "@tiptap/extension-document": "3.27.4",
        "@tiptap/extension-highlight": "3.27.4",
        "@tiptap/extension-list": "3.27.4",
        "@tiptap/extension-paragraph": "3.27.4",
        "@tiptap/extension-text": "3.27.4",
        "@tiptap/extensions": "3.27.4",
        "@tiptap/react": "3.27.4",
        "@tiptap/starter-kit": "3.27.4",
        "@tiptap/y-tiptap": "3.0.9",
        "friendly-username-generator": "2.0.4",
        "phoenix": "1.8.13",
        "react": "19.2.8",
        "react-dom": "19.2.8",
        "y-phoenix-channel": "0.3.0",
        "yjs": "13.6.33"
      }
    },
    "node_modules/@floating-ui/core": {
      "version": "1.8.0",
      "resolved": "https://registry.npmjs.org/@floating-ui/core/-/core-1.8.0.tgz",
      "integrity": "sha512-0CIZ5itps/8x7BG8dEIhs53BvCUH2PCoogtakwRTut+Arm58sJooJ0AuZhLw2HJYIR5cMLNPBSS728sPho2khQ==",
      "license": "MIT",
      "optional": true,
      "dependencies": {
        "@floating-ui/utils": "^0.2.12"
      }
    },
    "node_modules/@floating-ui/dom": {
      "version": "1.8.0",
      "resolved": "https://registry.npmjs.org/@floating-ui/dom/-/dom-1.8.0.tgz",
      "integrity": "sha512-yXSrzeHZBTZadLOlfyhCkJHNeLJnHRnRInwdZ40L7ZiaAtrBwoYlsDrX3v5zB1Utk7CLfzcOVnVVWoXEky7Ceg==",
      "license": "MIT",
      "optional": true,
      "dependencies": {
        "@floating-ui/core": "^1.8.0",
        "@floating-ui/utils": "^0.2.12"
      }
    },
    "node_modules/@floating-ui/utils": {
      "version": "0.2.12",
      "resolved": "https://registry.npmjs.org/@floating-ui/utils/-/utils-0.2.12.tgz",
      "integrity": "sha512-HpCo8tmWzLVad5s2d19EhAz5zqrrQ6s69qd6moPMQvkOuSwDT1YgRfWSVuc4ennqrgv3OHppiOGMQ7oC13yIww==",
      "license": "MIT",
      "optional": true
    },
    "node_modules/@tiptap/core": {
      "version": "3.27.4",
      "resolved": "https://registry.npmjs.org/@tiptap/core/-/core-3.27.4.tgz",
      "integrity": "sha512-8W/GwlEn0JwNdpyVfTWcXwHYUpj9BWwO++YxtizmgjJzlwigSh7/xLVJMwVykuQHQ2fCq5rkUvmBRtpHOMLUQA==",
      "license": "MIT",
      "peer": true,
      "funding": {
        "type": "github",
        "url": "https://github.com/sponsors/ueberdosis"
      },
      "peerDependencies": {
        "@tiptap/pm": "3.27.4"
      }
    },
    "node_modules/@tiptap/extension-bubble-menu": {
      "version": "3.31.4",
      "resolved": "https://registry.npmjs.org/@tiptap/extension-bubble-menu/-/extension-bubble-menu-3.31.4.tgz",
      "integrity": "sha512-Ml/yswuys+3QkOMajfXyAGlUKCxEbT3dMyF8vHwQ5mDk9MDm+dqp10It5CrDBkUT/KkVTa6AJI3kb0TXZJZiAA==",
      "license": "MIT",
      "optional": true,
      "dependencies": {
        "@floating-ui/dom": "^1.0.0"
      },
      "funding": {
        "type": "github",
        "url": "https://github.com/sponsors/ueberdosis"
      },
      "peerDependencies": {
        "@tiptap/core": "3.31.4",
        "@tiptap/pm": "3.31.4"
      }
    },
    "node_modules/@tiptap/extension-collaboration": {
      "version": "3.27.4",
      "resolved": "https://registry.npmjs.org/@tiptap/extension-collaboration/-/extension-collaboration-3.27.4.tgz",
      "integrity": "sha512-l3jmzFhuzCgE1upc2GeO/jDueijeE/RIdSWfnWr8uVyB+chzfeaZjz/aDl25i43UC5Q0XBkYYh5QlVH+5rVXcw==",
      "license": "MIT",
      "funding": {
        "type": "github",
        "url": "https://github.com/sponsors/ueberdosis"
      },
      "peerDependencies": {
        "@tiptap/core": "3.27.4",
        "@tiptap/pm": "3.27.4",
        "@tiptap/y-tiptap": "^3.0.6",
        "yjs": "^13"
      }
    },
    "node_modules/@tiptap/extension-collaboration-caret": {
      "version": "3.27.4",
      "resolved": "https://registry.npmjs.org/@tiptap/extension-collaboration-caret/-/extension-collaboration-caret-3.27.4.tgz",
      "integrity": "sha512-ePlge76CGY35G/ptTol1MGHwyBMrpFUjpaL9W6+6RI2aPDXlg0QRSGHkAfIGtl24My2/sFNAhKpCjRxKwmH7tw==",
      "license": "MIT",
      "funding": {
        "type": "github",
        "url": "https://github.com/sponsors/ueberdosis"
      },
      "peerDependencies": {
        "@tiptap/core": "3.27.4",
        "@tiptap/pm": "3.27.4",
        "@tiptap/y-tiptap": "^3.0.6"
      }
    },
    "node_modules/@tiptap/extension-document": {
      "version": "3.27.4",
      "resolved": "https://registry.npmjs.org/@tiptap/extension-document/-/extension-document-3.27.4.tgz",
      "integrity": "sha512-7nAqgfkgb9HADBeCTnOHuTiyZuxfxvMPT3nH4OZeY+cmtkI1On3QffqlmtcUPvNbkhT3o9ehA1hVfCnQ1Ye4LQ==",
      "license": "MIT",
      "funding": {
        "type": "github",
        "url": "https://github.com/sponsors/ueberdosis"
      },
      "peerDependencies": {
        "@tiptap/core": "3.27.4"
      }
    },
    "node_modules/@tiptap/extension-floating-menu": {
      "version": "3.31.4",
      "resolved": "https://registry.npmjs.org/@tiptap/extension-floating-menu/-/extension-floating-menu-3.31.4.tgz",
      "integrity": "sha512-pKzulkDmolpVt7IP9FSPsC5pKbXQ5pyeqkaAYr8cyOVW+KUObpPRIzAuXvEso8PCjWgwJ1f2qyishOEMw8MbfQ==",
      "license": "MIT",
      "optional": true,
      "funding": {
        "type": "github",
        "url": "https://github.com/sponsors/ueberdosis"
      },
      "peerDependencies": {
        "@floating-ui/dom": "^1.0.0",
        "@tiptap/core": "3.31.4",
        "@tiptap/pm": "3.31.4"
      }
    },
    "node_modules/@tiptap/extension-highlight": {
      "version": "3.27.4",
      "resolved": "https://registry.npmjs.org/@tiptap/extension-highlight/-/extension-highlight-3.27.4.tgz",
      "integrity": "sha512-STRX1qJLhTZslBF8fEE5qpTGrFd/g7Ufidjxt84p0uT8FrtcbfPUwyweeYwhZp7Iw8n+qODGYnheJTOpfaW2JA==",
      "license": "MIT",
      "funding": {
        "type": "github",
        "url": "https://github.com/sponsors/ueberdosis"
      },
      "peerDependencies": {
        "@tiptap/core": "3.27.4"
      }
    },
    "node_modules/@tiptap/extension-list": {
      "version": "3.27.4",
      "resolved": "https://registry.npmjs.org/@tiptap/extension-list/-/extension-list-3.27.4.tgz",
      "integrity": "sha512-A0BgmRO1RE0yLCx9w7GQITtKfS9wLE5cdngSYDiSpwulcXJhJjKm5mZ4OUZmks2VN4HO5jMl2BWCGt2NSDhA+w==",
      "license": "MIT",
      "funding": {
        "type": "github",
        "url": "https://github.com/sponsors/ueberdosis"
      },
      "peerDependencies": {
        "@tiptap/core": "3.27.4",
        "@tiptap/pm": "3.27.4"
      }
    },
    "node_modules/@tiptap/extension-paragraph": {
      "version": "3.27.4",
      "resolved": "https://registry.npmjs.org/@tiptap/extension-paragraph/-/extension-paragraph-3.27.4.tgz",
      "integrity": "sha512-8Dnr1J5s/s4XYYuEF3b784NnCxLjXOlQpmGyXRxTAzW7JaOP08tIUJWVNvSMekfXc2vXa33HUbqjxyyWZEQ6LQ==",
      "license": "MIT",
      "funding": {
        "type": "github",
        "url": "https://github.com/sponsors/ueberdosis"
      },
      "peerDependencies": {
        "@tiptap/core": "3.27.4"
      }
    },
    "node_modules/@tiptap/extension-text": {
      "version": "3.27.4",
      "resolved": "https://registry.npmjs.org/@tiptap/extension-text/-/extension-text-3.27.4.tgz",
      "integrity": "sha512-lKQH/hP4FBXsziHypd6Ywj8JFvMLM5GVkK1xsH6yApNuXbHq95rd42ZOYWpYILIBib7tlaz93z61d74UrJiuiw==",
      "license": "MIT",
      "funding": {
        "type": "github",
        "url": "https://github.com/sponsors/ueberdosis"
      },
      "peerDependencies": {
        "@tiptap/core": "3.27.4"
      }
    },
    "node_modules/@tiptap/extensions": {
      "version": "3.27.4",
      "resolved": "https://registry.npmjs.org/@tiptap/extensions/-/extensions-3.27.4.tgz",
      "integrity": "sha512-d8opkg2iGtVwJmNGIqv0blfRxnvWOJp1brz+Z8CsP4ojSS2ZtaE46d6JSQ5OeJ7nMpjhT+9wh4UQcA7OSEO59w==",
      "license": "MIT",
      "funding": {
        "type": "github",
        "url": "https://github.com/sponsors/ueberdosis"
      },
      "peerDependencies": {
        "@tiptap/core": "3.27.4",
        "@tiptap/pm": "3.27.4"
      }
    },
    "node_modules/@tiptap/pm": {
      "version": "3.27.4",
      "resolved": "https://registry.npmjs.org/@tiptap/pm/-/pm-3.27.4.tgz",
      "integrity": "sha512-UB8lcyomfWk7YGI2PZKNqcYXfyRA+PFj+QntlsUXyrsiA5JJIaE8SHKYjxKlGG/xtW3EtPm1b0p38T9Mk4xiFw==",
      "license": "MIT",
      "peer": true,
      "dependencies": {
        "prosemirror-changeset": "^2.4.1",
        "prosemirror-commands": "^1.7.1",
        "prosemirror-dropcursor": "^1.8.2",
        "prosemirror-gapcursor": "^1.4.1",
        "prosemirror-history": "^1.5.0",
        "prosemirror-inputrules": "^1.5.1",
        "prosemirror-keymap": "^1.2.3",
        "prosemirror-model": "^1.25.9",
        "prosemirror-schema-list": "^1.5.1",
        "prosemirror-state": "^1.4.4",
        "prosemirror-tables": "^1.8.5",
        "prosemirror-transform": "^1.12.0",
        "prosemirror-view": "^1.41.9"
      },
      "funding": {
        "type": "github",
        "url": "https://github.com/sponsors/ueberdosis"
      }
    },
    "node_modules/@tiptap/react": {
      "version": "3.27.4",
      "resolved": "https://registry.npmjs.org/@tiptap/react/-/react-3.27.4.tgz",
      "integrity": "sha512-rTY1V9Y1jzwmo5ItRi3v2Og/mbcYsr9AjUvGoqpXzR9Z31WhXYphw0y05aYzryh0MHXYzkiE+gbGvrbg+cjwEg==",
      "license": "MIT",
      "dependencies": {
        "@types/use-sync-external-store": "^0.0.6",
        "fast-equals": "^5.3.3",
        "use-sync-external-store": "^1.4.0"
      },
      "funding": {
        "type": "github",
        "url": "https://github.com/sponsors/ueberdosis"
      },
      "optionalDependencies": {
        "@tiptap/extension-bubble-menu": "^3.27.4",
        "@tiptap/extension-floating-menu": "^3.27.4"
      },
      "peerDependencies": {
        "@tiptap/core": "3.27.4",
        "@tiptap/pm": "3.27.4",
        "@types/react": "^17.0.0 || ^18.0.0 || ^19.0.0",
        "@types/react-dom": "^17.0.0 || ^18.0.0 || ^19.0.0",
        "react": "^17.0.0 || ^18.0.0 || ^19.0.0",
        "react-dom": "^17.0.0 || ^18.0.0 || ^19.0.0"
      }
    },
    "node_modules/@tiptap/starter-kit": {
      "version": "3.27.4",
      "resolved": "https://registry.npmjs.org/@tiptap/starter-kit/-/starter-kit-3.27.4.tgz",
      "integrity": "sha512-/sb6rFxNt5BO4hWpUwvHh+Yh1kNyCQuuz3oDpGef5HUUjSdu9p9rfNiHWIUKBadK8VXuw5es7N+UlZ4hma+gvA==",
      "license": "MIT",
      "dependencies": {
        "@tiptap/core": "^3.27.4",
        "@tiptap/extension-blockquote": "^3.27.4",
        "@tiptap/extension-bold": "^3.27.4",
        "@tiptap/extension-bullet-list": "^3.27.4",
        "@tiptap/extension-code": "^3.27.4",
        "@tiptap/extension-code-block": "^3.27.4",
        "@tiptap/extension-document": "^3.27.4",
        "@tiptap/extension-dropcursor": "^3.27.4",
        "@tiptap/extension-gapcursor": "^3.27.4",
        "@tiptap/extension-hard-break": "^3.27.4",
        "@tiptap/extension-heading": "^3.27.4",
        "@tiptap/extension-horizontal-rule": "^3.27.4",
        "@tiptap/extension-italic": "^3.27.4",
        "@tiptap/extension-link": "^3.27.4",
        "@tiptap/extension-list": "^3.27.4",
        "@tiptap/extension-list-item": "^3.27.4",
        "@tiptap/extension-list-keymap": "^3.27.4",
        "@tiptap/extension-ordered-list": "^3.27.4",
        "@tiptap/extension-paragraph": "^3.27.4",
        "@tiptap/extension-strike": "^3.27.4",
        "@tiptap/extension-text": "^3.27.4",
        "@tiptap/extension-underline": "^3.27.4",
        "@tiptap/extensions": "^3.27.4",
        "@tiptap/pm": "^3.27.4"
      },
      "funding": {
        "type": "github",
        "url": "https://github.com/sponsors/ueberdosis"
      }
    },
    "node_modules/@tiptap/starter-kit/node_modules/@tiptap/core": {
      "version": "3.31.4",
      "resolved": "https://registry.npmjs.org/@tiptap/core/-/core-3.31.4.tgz",
      "integrity": "sha512-cIVUQYBycighzsk6GbmCef8ZiEDVxoT5EuAe4xg2q9dNkDqCXVqI4YGr9aavCQEiAS4uHiRwqvcsPqJHipFDfg==",
      "license": "MIT",
      "funding": {
        "type": "github",
        "url": "https://github.com/sponsors/ueberdosis"
      },
      "peerDependencies": {
        "@tiptap/pm": "3.31.4"
      }
    },
    "node_modules/@tiptap/starter-kit/node_modules/@tiptap/extension-blockquote": {
      "version": "3.31.4",
      "resolved": "https://registry.npmjs.org/@tiptap/extension-blockquote/-/extension-blockquote-3.31.4.tgz",
      "integrity": "sha512-FHnbvCIW0eDKgUUFjmvEB0ax9YUBW7/Unm+38qpuQROvU872yRqhnDtycKT9IKk46jNdjM4A4fAGUbge10CrAA==",
      "license": "MIT",
      "funding": {
        "type": "github",
        "url": "https://github.com/sponsors/ueberdosis"
      },
      "peerDependencies": {
        "@tiptap/core": "3.31.4",
        "@tiptap/pm": "3.31.4"
      }
    },
    "node_modules/@tiptap/starter-kit/node_modules/@tiptap/extension-bold": {
      "version": "3.31.4",
      "resolved": "https://registry.npmjs.org/@tiptap/extension-bold/-/extension-bold-3.31.4.tgz",
      "integrity": "sha512-QX1xoXvO0gz6uVsoLegumqQ4MJXL7lcUDQZ4J7la7LBqiIh4efrCmp2EXbhpr37M/YQL7w8q3g7H/VovSh7xIg==",
      "license": "MIT",
      "funding": {
        "type": "github",
        "url": "https://github.com/sponsors/ueberdosis"
      },
      "peerDependencies": {
        "@tiptap/core": "3.31.4"
      }
    },
    "node_modules/@tiptap/starter-kit/node_modules/@tiptap/extension-bullet-list": {
      "version": "3.31.4",
      "resolved": "https://registry.npmjs.org/@tiptap/extension-bullet-list/-/extension-bullet-list-3.31.4.tgz",
      "integrity": "sha512-gHn1RDR4olCnmKpH+G9x+f8R+iKPNVdLlvbFkIpR/stjabZi7fB4Rr5GiHWsulbtxAjdQrNjnVeNdGM4rBxApw==",
      "license": "MIT",
      "funding": {
        "type": "github",
        "url": "https://github.com/sponsors/ueberdosis"
      },
      "peerDependencies": {
        "@tiptap/extension-list": "3.31.4"
      }
    },
    "node_modules/@tiptap/starter-kit/node_modules/@tiptap/extension-code": {
      "version": "3.31.4",
      "resolved": "https://registry.npmjs.org/@tiptap/extension-code/-/extension-code-3.31.4.tgz",
      "integrity": "sha512-pzi8GNDs5J1DEoO1HNYiJ5WZpgOZzlc/2VIa77mMpEuD4hZxuK0BQzlF/O6Ps/O5P1lGJT4xS0Yowpzb9mD9RA==",
      "license": "MIT",
      "funding": {
        "type": "github",
        "url": "https://github.com/sponsors/ueberdosis"
      },
      "peerDependencies": {
        "@tiptap/core": "3.31.4"
      }
    },
    "node_modules/@tiptap/starter-kit/node_modules/@tiptap/extension-code-block": {
      "version": "3.31.4",
      "resolved": "https://registry.npmjs.org/@tiptap/extension-code-block/-/extension-code-block-3.31.4.tgz",
      "integrity": "sha512-su/B/cfQ1HpiHl6JfJ6wa+RVEptiYsV4dCntE8XQNj2dUcII4y6w6PQbbswOoDrU79uXHsAvpy44215rghG4LA==",
      "license": "MIT",
      "funding": {
        "type": "github",
        "url": "https://github.com/sponsors/ueberdosis"
      },
      "peerDependencies": {
        "@tiptap/core": "3.31.4",
        "@tiptap/pm": "3.31.4"
      }
    },
    "node_modules/@tiptap/starter-kit/node_modules/@tiptap/extension-dropcursor": {
      "version": "3.31.4",
      "resolved": "https://registry.npmjs.org/@tiptap/extension-dropcursor/-/extension-dropcursor-3.31.4.tgz",
      "integrity": "sha512-5TbCPCC4RL+QT1NYHjXCYDBHBtVqYOFvFEnk3v98lvXCM2PNL13ofXUfJPuykAVy1OdTAx4DlZOQAD9WKy/IdQ==",
      "license": "MIT",
      "funding": {
        "type": "github",
        "url": "https://github.com/sponsors/ueberdosis"
      },
      "peerDependencies": {
        "@tiptap/extensions": "3.31.4"
      }
    },
    "node_modules/@tiptap/starter-kit/node_modules/@tiptap/extension-gapcursor": {
      "version": "3.31.4",
      "resolved": "https://registry.npmjs.org/@tiptap/extension-gapcursor/-/extension-gapcursor-3.31.4.tgz",
      "integrity": "sha512-hBogUAepQH6IQUhaePhPWzQ1Oeu+yqlJVMKO06Eue5m36uRy1PZZAQ780pCGT0SC4R5MH2td1N8EUQ7bupQdDA==",
      "license": "MIT",
      "funding": {
        "type": "github",
        "url": "https://github.com/sponsors/ueberdosis"
      },
      "peerDependencies": {
        "@tiptap/extensions": "3.31.4"
      }
    },
    "node_modules/@tiptap/starter-kit/node_modules/@tiptap/extension-hard-break": {
      "version": "3.31.4",
      "resolved": "https://registry.npmjs.org/@tiptap/extension-hard-break/-/extension-hard-break-3.31.4.tgz",
      "integrity": "sha512-oLNajLyUvRMg1qtzFgKGduygTlpaHFB9PU+M+pUWdA4sa1bRnxS2Y++Ao4lHYopJ7nxatLndrYoCIHkotqkPDQ==",
      "license": "MIT",
      "funding": {
        "type": "github",
        "url": "https://github.com/sponsors/ueberdosis"
      },
      "peerDependencies": {
        "@tiptap/core": "3.31.4"
      }
    },
    "node_modules/@tiptap/starter-kit/node_modules/@tiptap/extension-heading": {
      "version": "3.31.4",
      "resolved": "https://registry.npmjs.org/@tiptap/extension-heading/-/extension-heading-3.31.4.tgz",
      "integrity": "sha512-KqlSeLathpdxCc3kVHBCA/RkHvb+V7u5vgiSEu1Cv3L70r7F19COMGODav/k1AGYBgEXKL6lM9cy8cloE5/28g==",
      "license": "MIT",
      "funding": {
        "type": "github",
        "url": "https://github.com/sponsors/ueberdosis"
      },
      "peerDependencies": {
        "@tiptap/core": "3.31.4"
      }
    },
    "node_modules/@tiptap/starter-kit/node_modules/@tiptap/extension-horizontal-rule": {
      "version": "3.31.4",
      "resolved": "https://registry.npmjs.org/@tiptap/extension-horizontal-rule/-/extension-horizontal-rule-3.31.4.tgz",
      "integrity": "sha512-ws0Kh8kfHL7ESILSXj0HJAXs8G10ewlW1sedXKm8dm0op9L8il+xl8bEJVoqG/jMf77900Fc2CaQldcCGRpF1g==",
      "license": "MIT",
      "funding": {
        "type": "github",
        "url": "https://github.com/sponsors/ueberdosis"
      },
      "peerDependencies": {
        "@tiptap/core": "3.31.4",
        "@tiptap/pm": "3.31.4"
      }
    },
    "node_modules/@tiptap/starter-kit/node_modules/@tiptap/extension-italic": {
      "version": "3.31.4",
      "resolved": "https://registry.npmjs.org/@tiptap/extension-italic/-/extension-italic-3.31.4.tgz",
      "integrity": "sha512-pftTQBPYZocNDAj/u6OyDIp7YxmN0+N895cQPogJQ6qMHdLiRhzgawiEewJkniyN1w8k3Wx/Etp8pTKrxaOOBQ==",
      "license": "MIT",
      "funding": {
        "type": "github",
        "url": "https://github.com/sponsors/ueberdosis"
      },
      "peerDependencies": {
        "@tiptap/core": "3.31.4"
      }
    },
    "node_modules/@tiptap/starter-kit/node_modules/@tiptap/extension-link": {
      "version": "3.31.4",
      "resolved": "https://registry.npmjs.org/@tiptap/extension-link/-/extension-link-3.31.4.tgz",
      "integrity": "sha512-LLxW3qfeL9gvDdMPVdxYFYZ0zZSjsoIDhOqjJ5U2UfaK3U2iwkKTBgV2qT+FWf3uUHmBRjBZ08q3dRPmWBAD5g==",
      "license": "MIT",
      "dependencies": {
        "linkifyjs": "^4.3.3"
      },
      "funding": {
        "type": "github",
        "url": "https://github.com/sponsors/ueberdosis"
      },
      "peerDependencies": {
        "@tiptap/core": "3.31.4",
        "@tiptap/pm": "3.31.4"
      }
    },
    "node_modules/@tiptap/starter-kit/node_modules/@tiptap/extension-list": {
      "version": "3.31.4",
      "resolved": "https://registry.npmjs.org/@tiptap/extension-list/-/extension-list-3.31.4.tgz",
      "integrity": "sha512-Wd4YRYxOdf+TtF33/QsRo1RK1CecVxjYGjUBIKNGHAywfh8tghgV4YOUCiV1iJqYt2IBs+RWlIqTmdIPzBrd4A==",
      "license": "MIT",
      "funding": {
        "type": "github",
        "url": "https://github.com/sponsors/ueberdosis"
      },
      "peerDependencies": {
        "@tiptap/core": "3.31.4",
        "@tiptap/pm": "3.31.4"
      }
    },
    "node_modules/@tiptap/starter-kit/node_modules/@tiptap/extension-list-item": {
      "version": "3.31.4",
      "resolved": "https://registry.npmjs.org/@tiptap/extension-list-item/-/extension-list-item-3.31.4.tgz",
      "integrity": "sha512-ao8XAPvhOrtGFILs+fKtOM91omDSpUC8X19m44gbaq5xJDVpIMZ0rP+NAVUS72G7LskhcHa0bu/Pm022bUVjVw==",
      "license": "MIT",
      "funding": {
        "type": "github",
        "url": "https://github.com/sponsors/ueberdosis"
      },
      "peerDependencies": {
        "@tiptap/extension-list": "3.31.4"
      }
    },
    "node_modules/@tiptap/starter-kit/node_modules/@tiptap/extension-list-keymap": {
      "version": "3.31.4",
      "resolved": "https://registry.npmjs.org/@tiptap/extension-list-keymap/-/extension-list-keymap-3.31.4.tgz",
      "integrity": "sha512-etdkl/YnYfwtALDxecJ+4WYgJAez1fn1vzzZqJklZBpgqiZtny3NxpvWS7/JhsltNG84Wo/oovpfJgVmzhddrw==",
      "license": "MIT",
      "funding": {
        "type": "github",
        "url": "https://github.com/sponsors/ueberdosis"
      },
      "peerDependencies": {
        "@tiptap/extension-list": "3.31.4"
      }
    },
    "node_modules/@tiptap/starter-kit/node_modules/@tiptap/extension-ordered-list": {
      "version": "3.31.4",
      "resolved": "https://registry.npmjs.org/@tiptap/extension-ordered-list/-/extension-ordered-list-3.31.4.tgz",
      "integrity": "sha512-UNWyF+Dhm08znszIMnT8Y2kJ1lvtiCvUGs1aG7m9cPHxDa7VycWnOqdtXWkc+6xRLNiC0zgWCFWgLLHduV8pRQ==",
      "license": "MIT",
      "funding": {
        "type": "github",
        "url": "https://github.com/sponsors/ueberdosis"
      },
      "peerDependencies": {
        "@tiptap/extension-list": "3.31.4"
      }
    },
    "node_modules/@tiptap/starter-kit/node_modules/@tiptap/extension-strike": {
      "version": "3.31.4",
      "resolved": "https://registry.npmjs.org/@tiptap/extension-strike/-/extension-strike-3.31.4.tgz",
      "integrity": "sha512-4MBr63TJIMqxCjE+gAPdlY1IdELgvbAP516K3Ntn/BkcpEbEoPMEYVz+XTxULyHQEuARDO6jsXPPxRXpA74jaw==",
      "license": "MIT",
      "funding": {
        "type": "github",
        "url": "https://github.com/sponsors/ueberdosis"
      },
      "peerDependencies": {
        "@tiptap/core": "3.31.4"
      }
    },
    "node_modules/@tiptap/starter-kit/node_modules/@tiptap/extension-underline": {
      "version": "3.31.4",
      "resolved": "https://registry.npmjs.org/@tiptap/extension-underline/-/extension-underline-3.31.4.tgz",
      "integrity": "sha512-0iFGPIqmqGkCrOFh1OPo7Dzv5s86dVN3bZaugsz0jK04otkb8bn04ZDKP2/6Wq+lcK0M9DfJ0QqfW5hC2nBZxQ==",
      "license": "MIT",
      "funding": {
        "type": "github",
        "url": "https://github.com/sponsors/ueberdosis"
      },
      "peerDependencies": {
        "@tiptap/core": "3.31.4"
      }
    },
    "node_modules/@tiptap/starter-kit/node_modules/@tiptap/extensions": {
      "version": "3.31.4",
      "resolved": "https://registry.npmjs.org/@tiptap/extensions/-/extensions-3.31.4.tgz",
      "integrity": "sha512-nIupIne/sHpV2Kw1M4MOmr4+G454KI8BXM5+LWKOU2EpzfALZWVSy7koF9lVRna4Zp5Gv8hfg5Z8kvmrYQvhkw==",
      "license": "MIT",
      "funding": {
        "type": "github",
        "url": "https://github.com/sponsors/ueberdosis"
      },
      "peerDependencies": {
        "@tiptap/core": "3.31.4",
        "@tiptap/pm": "3.31.4"
      }
    },
    "node_modules/@tiptap/starter-kit/node_modules/@tiptap/pm": {
      "version": "3.31.4",
      "resolved": "https://registry.npmjs.org/@tiptap/pm/-/pm-3.31.4.tgz",
      "integrity": "sha512-x7dwth79cQp4QGae66/RJqMDJQv0+n7b7dD7cyFQBWqzPFLJxN/4paHY4qbWedZjNLhRyIOAD9a5q4AYM1zmPA==",
      "license": "MIT",
      "dependencies": {
        "prosemirror-changeset": "^2.4.1",
        "prosemirror-commands": "^1.7.1",
        "prosemirror-dropcursor": "^1.8.2",
        "prosemirror-gapcursor": "^1.4.1",
        "prosemirror-history": "^1.5.0",
        "prosemirror-inputrules": "^1.5.1",
        "prosemirror-keymap": "^1.2.3",
        "prosemirror-model": "^1.25.11",
        "prosemirror-schema-list": "^1.5.1",
        "prosemirror-state": "^1.4.4",
        "prosemirror-tables": "^1.8.5",
        "prosemirror-transform": "^1.12.0",
        "prosemirror-view": "^1.42.3"
      },
      "funding": {
        "type": "github",
        "url": "https://github.com/sponsors/ueberdosis"
      }
    },
    "node_modules/@tiptap/y-tiptap": {
      "version": "3.0.9",
      "resolved": "https://registry.npmjs.org/@tiptap/y-tiptap/-/y-tiptap-3.0.9.tgz",
      "integrity": "sha512-7/El8NQ8R5V5MkdrOUdfj9IgZacpt0H071xNimX7B0AnYiWiKefQnMKd41neQYzo2MOXbWdN3iZ+7Z7BruzOSA==",
      "license": "MIT",
      "dependencies": {
        "lib0": "^0.2.100"
      },
      "engines": {
        "node": ">=16.0.0",
        "npm": ">=8.0.0"
      },
      "peerDependencies": {
        "prosemirror-model": "^1.7.1",
        "prosemirror-state": "^1.2.3",
        "prosemirror-view": "^1.9.10",
        "y-protocols": "^1.0.1",
        "yjs": "^13.5.38"
      }
    },
    "node_modules/@types/react": {
      "version": "19.3.0",
      "resolved": "https://registry.npmjs.org/@types/react/-/react-19.3.0.tgz",
      "integrity": "sha512-N0rFCuH9YoxG9/m61l9MfpJKfmLOVU0em7ipIz6TRgSSkvReLB9vL85GB+yr8Bs5leqpvg96JSwF4ZS1s4viQg==",
      "license": "MIT",
      "peer": true,
      "dependencies": {
        "csstype": "^3.2.2"
      }
    },
    "node_modules/@types/react-dom": {
      "version": "19.3.0",
      "resolved": "https://registry.npmjs.org/@types/react-dom/-/react-dom-19.3.0.tgz",
      "integrity": "sha512-ZI7bU42mZXXKHn/qNLEw2IrbiINU7X5+vfgdixBHkCNpYWXjKgfQ/P+uyGb5CjOLB9UcnTeg3rylQtV2hym44Q==",
      "license": "MIT",
      "peer": true,
      "peerDependencies": {
        "@types/react": "^19.3.0"
      }
    },
    "node_modules/@types/use-sync-external-store": {
      "version": "0.0.6",
      "resolved": "https://registry.npmjs.org/@types/use-sync-external-store/-/use-sync-external-store-0.0.6.tgz",
      "integrity": "sha512-zFDAD+tlpf2r4asuHEj0XH6pY6i0g5NeAHPn+15wk3BV6JA69eERFXC1gyGThDkVa1zCyKr5jox1+2LbV/AMLg==",
      "license": "MIT"
    },
    "node_modules/csstype": {
      "version": "3.2.3",
      "resolved": "https://registry.npmjs.org/csstype/-/csstype-3.2.3.tgz",
      "integrity": "sha512-z1HGKcYy2xA8AGQfwrn0PAy+PB7X/GSj3UVJW9qKyn43xWa+gl5nXmU4qqLMRzWVLFC8KusUX8T/0kCiOYpAIQ==",
      "license": "MIT",
      "peer": true
    },
    "node_modules/fast-equals": {
      "version": "5.4.3",
      "resolved": "https://registry.npmjs.org/fast-equals/-/fast-equals-5.4.3.tgz",
      "integrity": "sha512-8unmvA0qrfpFWBYUate9BTGtQdKHWBYt+KdAIkag7Vvxe7wz8Q2nJg7fLMC0bJqe0bjP31kca7Ckaawrs4Istg==",
      "license": "MIT",
      "engines": {
        "node": ">=6.0.0"
      }
    },
    "node_modules/friendly-username-generator": {
      "version": "2.0.4",
      "resolved": "https://registry.npmjs.org/friendly-username-generator/-/friendly-username-generator-2.0.4.tgz",
      "integrity": "sha512-718y2+j8A28eEsR3AOK4Tp0U/69svwnE6CMtXAvleXHubDim/CsOc2EU4MGBkShB1WzMTO4iO/10JrKaiCc2Sw==",
      "license": "MIT"
    },
    "node_modules/isomorphic.js": {
      "version": "0.2.5",
      "resolved": "https://registry.npmjs.org/isomorphic.js/-/isomorphic.js-0.2.5.tgz",
      "integrity": "sha512-PIeMbHqMt4DnUP3MA/Flc0HElYjMXArsw1qwJZcm9sqR8mq3l8NYizFMty0pWwE/tzIGH3EKK5+jes5mAr85yw==",
      "license": "MIT",
      "funding": {
        "type": "GitHub Sponsors ❤",
        "url": "https://github.com/sponsors/dmonad"
      }
    },
    "node_modules/lib0": {
      "version": "0.2.119",
      "resolved": "https://registry.npmjs.org/lib0/-/lib0-0.2.119.tgz",
      "integrity": "sha512-vh+TiejVy8Xm+hCdnRfn9BthGNvNUZdEXltNjVZL3TzRIKP3s1lnQh8pWd/Q0wCgY0FPAGVVjFF4ZiHUV3LFgA==",
      "license": "MIT",
      "dependencies": {
        "isomorphic.js": "^0.2.4"
      },
      "bin": {
        "0ecdsa-generate-keypair": "bin/0ecdsa-generate-keypair.js",
        "0gentesthtml": "bin/gentesthtml.js",
        "0serve": "bin/0serve.js"
      },
      "engines": {
        "node": ">=16"
      },
      "funding": {
        "type": "GitHub Sponsors ❤",
        "url": "https://github.com/sponsors/dmonad"
      }
    },
    "node_modules/linkifyjs": {
      "version": "4.3.3",
      "resolved": "https://registry.npmjs.org/linkifyjs/-/linkifyjs-4.3.3.tgz",
      "integrity": "sha512-P8aEP5U/D1/IlTY2OeYsErdwh9bGuLE30NcXtKEjgdHcahveQoQwM2yZNsioQHsWFz0P7KKudisbrzCgR0sDHg==",
      "license": "MIT"
    },
    "node_modules/orderedmap": {
      "version": "2.1.1",
      "resolved": "https://registry.npmjs.org/orderedmap/-/orderedmap-2.1.1.tgz",
      "integrity": "sha512-TvAWxi0nDe1j/rtMcWcIj94+Ffe6n7zhow33h40SKxmsmozs6dz/e+EajymfoFcHd7sxNn8yHM8839uixMOV6g==",
      "license": "MIT"
    },
    "node_modules/phoenix": {
      "version": "1.8.13",
      "resolved": "https://registry.npmjs.org/phoenix/-/phoenix-1.8.13.tgz",
      "integrity": "sha512-5UByH7ejdsPLd6eihwzV3L3i6YX4mHUtFjLaE8S1YuA+3aBj37rzH6KDjxBuPlB04o9ZHVz+PKRiUg3aYYvzmQ==",
      "license": "MIT"
    },
    "node_modules/prosemirror-changeset": {
      "version": "2.4.4",
      "resolved": "https://registry.npmjs.org/prosemirror-changeset/-/prosemirror-changeset-2.4.4.tgz",
      "integrity": "sha512-Gyuz9jYdrAeA9I7AholyOes9KUmv/lEwsC5O9s5xF5VB3EgTPsXMGUxz4+H1B+wKVPdZbvRcg1Cp3x8qX+8ofA==",
      "license": "MIT",
      "dependencies": {
        "prosemirror-transform": "^1.0.0"
      }
    },
    "node_modules/prosemirror-commands": {
      "version": "1.7.2",
      "resolved": "https://registry.npmjs.org/prosemirror-commands/-/prosemirror-commands-1.7.2.tgz",
      "integrity": "sha512-q6Q6szxqdu9Xd6EcdKsqXghu5nQdZTpB4Q9yd04WRc7/jt763e/rT60Owh0L1GYY+T46o5rD+9lEN36dZS43tw==",
      "license": "MIT",
      "dependencies": {
        "prosemirror-model": "^1.0.0",
        "prosemirror-state": "^1.0.0",
        "prosemirror-transform": "^1.10.2"
      }
    },
    "node_modules/prosemirror-dropcursor": {
      "version": "1.8.4",
      "resolved": "https://registry.npmjs.org/prosemirror-dropcursor/-/prosemirror-dropcursor-1.8.4.tgz",
      "integrity": "sha512-VmKxhcA6a+h5oPSYmfF1ZNeQqPbyYaIxqZsKqeYCyTlPtrjUgNaHL3P8vVaO19oqAV0zuaM/axkowZHrB1P3Tg==",
      "license": "MIT",
      "dependencies": {
        "prosemirror-state": "^1.0.0",
        "prosemirror-transform": "^1.1.0",
        "prosemirror-view": "^1.1.0"
      }
    },
    "node_modules/prosemirror-gapcursor": {
      "version": "1.4.1",
      "resolved": "https://registry.npmjs.org/prosemirror-gapcursor/-/prosemirror-gapcursor-1.4.1.tgz",
      "integrity": "sha512-pMdYaEnjNMSwl11yjEGtgTmLkR08m/Vl+Jj443167p9eB3HVQKhYCc4gmHVDsLPODfZfjr/MmirsdyZziXbQKw==",
      "license": "MIT",
      "dependencies": {
        "prosemirror-keymap": "^1.0.0",
        "prosemirror-model": "^1.0.0",
        "prosemirror-state": "^1.0.0",
        "prosemirror-view": "^1.0.0"
      }
    },
    "node_modules/prosemirror-history": {
      "version": "1.5.1",
      "resolved": "https://registry.npmjs.org/prosemirror-history/-/prosemirror-history-1.5.1.tgz",
      "integrity": "sha512-onlwnqKvgtFg6srZOmDOAhlAy1FIHQpOExORybX0S+DvJepE5tPALrB9iGet/2sqqqrelSnB10OoiOJqAvu2DA==",
      "license": "MIT",
      "dependencies": {
        "prosemirror-state": "^1.2.2",
        "prosemirror-transform": "^1.0.0",
        "prosemirror-view": "^1.31.0",
        "rope-sequence": "^1.3.0"
      }
    },
    "node_modules/prosemirror-inputrules": {
      "version": "1.5.1",
      "resolved": "https://registry.npmjs.org/prosemirror-inputrules/-/prosemirror-inputrules-1.5.1.tgz",
      "integrity": "sha512-7wj4uMjKaXWAQ1CDgxNzNtR9AlsuwzHfdFH1ygEHA2KHF2DOEaXl1CJfNPAKCg9qNEh4rum975QLaCiQPyY6Fw==",
      "license": "MIT",
      "dependencies": {
        "prosemirror-state": "^1.0.0",
        "prosemirror-transform": "^1.0.0"
      }
    },
    "node_modules/prosemirror-keymap": {
      "version": "1.2.3",
      "resolved": "https://registry.npmjs.org/prosemirror-keymap/-/prosemirror-keymap-1.2.3.tgz",
      "integrity": "sha512-4HucRlpiLd1IPQQXNqeo81BGtkY8Ai5smHhKW9jjPKRc2wQIxksg7Hl1tTI2IfT2B/LgX6bfYvXxEpJl7aKYKw==",
      "license": "MIT",
      "dependencies": {
        "prosemirror-state": "^1.0.0",
        "w3c-keyname": "^2.2.0"
      }
    },
    "node_modules/prosemirror-model": {
      "version": "1.25.12",
      "resolved": "https://registry.npmjs.org/prosemirror-model/-/prosemirror-model-1.25.12.tgz",
      "integrity": "sha512-Ue2gTmXMa7EhpLNhC7J+h4+ykD8ha12K6rrZFFKKJHBForfIStw5gJ6Zrf1mqqAa9NmpmEB4wp9bKmA4eUVjWg==",
      "license": "MIT",
      "dependencies": {
        "orderedmap": "^2.0.0"
      }
    },
    "node_modules/prosemirror-schema-list": {
      "version": "1.5.1",
      "resolved": "https://registry.npmjs.org/prosemirror-schema-list/-/prosemirror-schema-list-1.5.1.tgz",
      "integrity": "sha512-927lFx/uwyQaGwJxLWCZRkjXG0p48KpMj6ueoYiu4JX05GGuGcgzAy62dfiV8eFZftgyBUvLx76RsMe20fJl+Q==",
      "license": "MIT",
      "dependencies": {
        "prosemirror-model": "^1.0.0",
        "prosemirror-state": "^1.0.0",
        "prosemirror-transform": "^1.7.3"
      }
    },
    "node_modules/prosemirror-state": {
      "version": "1.4.4",
      "resolved": "https://registry.npmjs.org/prosemirror-state/-/prosemirror-state-1.4.4.tgz",
      "integrity": "sha512-6jiYHH2CIGbCfnxdHbXZ12gySFY/fz/ulZE333G6bPqIZ4F+TXo9ifiR86nAHpWnfoNjOb3o5ESi7J8Uz1jXHw==",
      "license": "MIT",
      "dependencies": {
        "prosemirror-model": "^1.0.0",
        "prosemirror-transform": "^1.0.0",
        "prosemirror-view": "^1.27.0"
      }
    },
    "node_modules/prosemirror-tables": {
      "version": "1.8.5",
      "resolved": "https://registry.npmjs.org/prosemirror-tables/-/prosemirror-tables-1.8.5.tgz",
      "integrity": "sha512-V/0cDCsHKHe/tfWkeCmthNUcEp1IVO3p6vwN8XtwE9PZQLAZJigbw3QoraAdfJPir4NKJtNvOB8oYGKRl+t0Dw==",
      "license": "MIT",
      "dependencies": {
        "prosemirror-keymap": "^1.2.3",
        "prosemirror-model": "^1.25.4",
        "prosemirror-state": "^1.4.4",
        "prosemirror-transform": "^1.10.5",
        "prosemirror-view": "^1.41.4"
      }
    },
    "node_modules/prosemirror-transform": {
      "version": "1.12.2",
      "resolved": "https://registry.npmjs.org/prosemirror-transform/-/prosemirror-transform-1.12.2.tgz",
      "integrity": "sha512-PE/aY0HEY4zczvmqrilgkUK/WautF0chvMqkmM/iN5/aPHvwrCWaQZjS6CIZp+K84YrvPFqrL+YArrfJX8xX7g==",
      "license": "MIT",
      "dependencies": {
        "prosemirror-model": "^1.21.0"
      }
    },
    "node_modules/prosemirror-view": {
      "version": "1.42.6",
      "resolved": "https://registry.npmjs.org/prosemirror-view/-/prosemirror-view-1.42.6.tgz",
      "integrity": "sha512-3g25f6hKV2bBxo3puH3EcYWmmVNSH0iWmNsMVT7sugDSpA025jgpOLarcDWr39SdzPjYMaiYtRdNtXialPSjEQ==",
      "license": "MIT",
      "dependencies": {
        "prosemirror-model": "^1.25.12",
        "prosemirror-state": "^1.0.0",
        "prosemirror-transform": "^1.1.0"
      }
    },
    "node_modules/react": {
      "version": "19.2.8",
      "resolved": "https://registry.npmjs.org/react/-/react-19.2.8.tgz",
      "integrity": "sha512-PWaYA1L/q9u2u7xYQi+Y3L3Yfnie7XyLeaJICV1MGD6LprsBxcAqGjYyr0eY3p+QdsA+x/Irkt4Qif8D63+Sbw==",
      "license": "MIT",
      "engines": {
        "node": ">=0.10.0"
      }
    },
    "node_modules/react-dom": {
      "version": "19.2.8",
      "resolved": "https://registry.npmjs.org/react-dom/-/react-dom-19.2.8.tgz",
      "integrity": "sha512-rVprimfGBG3DR+Tq0IQG2DT5PxKth1WIGDmj5yPmlzr4YBe7uyE+Du4oVqTDXZSHGGGXRtTJEGSSePyQCMBglQ==",
      "license": "MIT",
      "dependencies": {
        "scheduler": "^0.27.0"
      },
      "peerDependencies": {
        "react": "^19.2.8"
      }
    },
    "node_modules/rope-sequence": {
      "version": "1.3.4",
      "resolved": "https://registry.npmjs.org/rope-sequence/-/rope-sequence-1.3.4.tgz",
      "integrity": "sha512-UT5EDe2cu2E/6O4igUr5PSFs23nvvukicWHx6GnOPlHAiiYbzNuCRQCuiUdHJQcqKalLKlrYJnjY0ySGsXNQXQ==",
      "license": "MIT"
    },
    "node_modules/scheduler": {
      "version": "0.27.0",
      "resolved": "https://registry.npmjs.org/scheduler/-/scheduler-0.27.0.tgz",
      "integrity": "sha512-eNv+WrVbKu1f3vbYJT/xtiF5syA5HPIMtf9IgY/nKg0sWqzAUEvqY/xm7OcZc/qafLx/iO9FgOmeSAp4v5ti/Q==",
      "license": "MIT"
    },
    "node_modules/use-sync-external-store": {
      "version": "1.7.0",
      "resolved": "https://registry.npmjs.org/use-sync-external-store/-/use-sync-external-store-1.7.0.tgz",
      "integrity": "sha512-6L+EeigHMQhdaIPNIFUKwfWJSwWFQ8gJbJ2DLOs5sDIegTwR9fRxvnM3uciHKjIZhFz+KAv2emhWMRvDmMcY8A==",
      "license": "MIT",
      "peerDependencies": {
        "react": "^16.8.0 || ^17.0.0 || ^18.0.0 || ^19.0.0"
      }
    },
    "node_modules/w3c-keyname": {
      "version": "2.2.8",
      "resolved": "https://registry.npmjs.org/w3c-keyname/-/w3c-keyname-2.2.8.tgz",
      "integrity": "sha512-dpojBhNsCNN7T82Tm7k26A6G9ML3NkhDsnw9n/eoxSRlVBB4CEtIQ/KTCLI2Fwf3ataSXRhYFkQi3SlnFwPvPQ==",
      "license": "MIT"
    },
    "node_modules/y-phoenix-channel": {
      "version": "0.3.0",
      "resolved": "https://registry.npmjs.org/y-phoenix-channel/-/y-phoenix-channel-0.3.0.tgz",
      "integrity": "sha512-mdhWqLj4dv8jpy99PgxQHFZxT6jG+Fdy8KWxTgLs6rOYEx55zuCDtQIfRV4U0KA5AXZnnU/7w7ObogSNzJNZBA==",
      "license": "MIT",
      "dependencies": {
        "lib0": "0.2.117",
        "y-protocols": "1.0.7"
      },
      "peerDependencies": {
        "phoenix": "^1",
        "yjs": "^13"
      }
    },
    "node_modules/y-phoenix-channel/node_modules/lib0": {
      "version": "0.2.117",
      "resolved": "https://registry.npmjs.org/lib0/-/lib0-0.2.117.tgz",
      "integrity": "sha512-DeXj9X5xDCjgKLU/7RR+/HQEVzuuEUiwldwOGsHK/sfAfELGWEyTcf0x+uOvCvK3O2zPmZePXWL85vtia6GyZw==",
      "license": "MIT",
      "dependencies": {
        "isomorphic.js": "^0.2.4"
      },
      "bin": {
        "0ecdsa-generate-keypair": "bin/0ecdsa-generate-keypair.js",
        "0gentesthtml": "bin/gentesthtml.js",
        "0serve": "bin/0serve.js"
      },
      "engines": {
        "node": ">=16"
      },
      "funding": {
        "type": "GitHub Sponsors ❤",
        "url": "https://github.com/sponsors/dmonad"
      }
    },
    "node_modules/y-protocols": {
      "version": "1.0.7",
      "resolved": "https://registry.npmjs.org/y-protocols/-/y-protocols-1.0.7.tgz",
      "integrity": "sha512-YSVsLoXxO67J6eE/nV4AtFtT3QEotZf5sK5BHxFBXso7VDUT3Tx07IfA6hsu5Q5OmBdMkQVmFZ9QOA7fikWvnw==",
      "license": "MIT",
      "dependencies": {
        "lib0": "^0.2.85"
      },
      "engines": {
        "node": ">=16.0.0",
        "npm": ">=8.0.0"
      },
      "funding": {
        "type": "GitHub Sponsors ❤",
        "url": "https://github.com/sponsors/dmonad"
      },
      "peerDependencies": {
        "yjs": "^13.0.0"
      }
    },
    "node_modules/yjs": {
      "version": "13.6.33",
      "resolved": "https://registry.npmjs.org/yjs/-/yjs-13.6.33.tgz",
      "integrity": "sha512-q/UYvr1gOk4XII+Cu1CW2dINjYqJJFifTzogEaIARznrvX7uOlHsdTEXcnOBMuIsrCGEEKdNxi74kyMLZlKVfw==",
      "license": "MIT",
      "dependencies": {
        "lib0": "^0.2.99"
      },
      "engines": {
        "node": ">=16.0.0",
        "npm": ">=8.0.0"
      },
      "funding": {
        "type": "GitHub Sponsors ❤",
        "url": "https://github.com/sponsors/dmonad"
      }
    }
  }
}
