{
  "name": "lexical-app",
  "version": "1.0.0",
  "lockfileVersion": 3,
  "requires": true,
  "packages": {
    "": {
      "name": "lexical-app",
      "version": "1.0.0",
      "license": "MIT",
      "dependencies": {
        "@lexical/react": "0.40.0",
        "@lexical/yjs": "0.40.0",
        "friendly-username-generator": "2.0.4",
        "lexical": "0.40.0",
        "phoenix": "1.8.4",
        "react": "19.2.4",
        "react-dom": "19.2.4",
        "y-phoenix-channel": "0.1.1",
        "yjs": "13.6.29"
      }
    },
    "node_modules/@floating-ui/core": {
      "version": "1.7.4",
      "resolved": "https://registry.npmjs.org/@floating-ui/core/-/core-1.7.4.tgz",
      "integrity": "sha512-C3HlIdsBxszvm5McXlB8PeOEWfBhcGBTZGkGlWc2U0KFY5IwG5OQEuQ8rq52DZmcHDlPLd+YFBK+cZcytwIFWg==",
      "license": "MIT",
      "dependencies": {
        "@floating-ui/utils": "^0.2.10"
      }
    },
    "node_modules/@floating-ui/dom": {
      "version": "1.7.5",
      "resolved": "https://registry.npmjs.org/@floating-ui/dom/-/dom-1.7.5.tgz",
      "integrity": "sha512-N0bD2kIPInNHUHehXhMke1rBGs1dwqvC9O9KYMyyjK7iXt7GAhnro7UlcuYcGdS/yYOlq0MAVgrow8IbWJwyqg==",
      "license": "MIT",
      "dependencies": {
        "@floating-ui/core": "^1.7.4",
        "@floating-ui/utils": "^0.2.10"
      }
    },
    "node_modules/@floating-ui/react": {
      "version": "0.27.18",
      "resolved": "https://registry.npmjs.org/@floating-ui/react/-/react-0.27.18.tgz",
      "integrity": "sha512-xJWJxvmy3a05j643gQt+pRbht5XnTlGpsEsAPnMi5F5YTOEEJymA90uZKBD8OvIv5XvZ1qi4GcccSlqT3Bq44Q==",
      "license": "MIT",
      "dependencies": {
        "@floating-ui/react-dom": "^2.1.7",
        "@floating-ui/utils": "^0.2.10",
        "tabbable": "^6.0.0"
      },
      "peerDependencies": {
        "react": ">=17.0.0",
        "react-dom": ">=17.0.0"
      }
    },
    "node_modules/@floating-ui/react-dom": {
      "version": "2.1.7",
      "resolved": "https://registry.npmjs.org/@floating-ui/react-dom/-/react-dom-2.1.7.tgz",
      "integrity": "sha512-0tLRojf/1Go2JgEVm+3Frg9A3IW8bJgKgdO0BN5RkF//ufuz2joZM63Npau2ff3J6lUVYgDSNzNkR+aH3IVfjg==",
      "license": "MIT",
      "dependencies": {
        "@floating-ui/dom": "^1.7.5"
      },
      "peerDependencies": {
        "react": ">=16.8.0",
        "react-dom": ">=16.8.0"
      }
    },
    "node_modules/@floating-ui/utils": {
      "version": "0.2.10",
      "resolved": "https://registry.npmjs.org/@floating-ui/utils/-/utils-0.2.10.tgz",
      "integrity": "sha512-aGTxbpbg8/b5JfU1HXSrbH3wXZuLPJcNEcZQFMxLs3oSzgtVu6nFPkbbGGUvBcUjKV2YyB9Wxxabo+HEH9tcRQ==",
      "license": "MIT"
    },
    "node_modules/@lexical/clipboard": {
      "version": "0.40.0",
      "resolved": "https://registry.npmjs.org/@lexical/clipboard/-/clipboard-0.40.0.tgz",
      "integrity": "sha512-FWyAKwbGbmwLbG6biyxB/MQkELzcbd6E89Xufarbx/1VZ2pX/BMaeVD4J7ojHgIZ4omTNI6nKH26K4wWySCIGQ==",
      "license": "MIT",
      "dependencies": {
        "@lexical/html": "0.40.0",
        "@lexical/list": "0.40.0",
        "@lexical/selection": "0.40.0",
        "@lexical/utils": "0.40.0",
        "lexical": "0.40.0"
      }
    },
    "node_modules/@lexical/code": {
      "version": "0.40.0",
      "resolved": "https://registry.npmjs.org/@lexical/code/-/code-0.40.0.tgz",
      "integrity": "sha512-xbo3lW3OC7sz0UnoME0tXQcgnekmuvsGAb1HZpFHAF0ZUCquB6/yK0+9QzknrTBH9y3Urqx0vM54xAqNQISOtg==",
      "license": "MIT",
      "dependencies": {
        "@lexical/utils": "0.40.0",
        "lexical": "0.40.0",
        "prismjs": "^1.30.0"
      }
    },
    "node_modules/@lexical/devtools-core": {
      "version": "0.40.0",
      "resolved": "https://registry.npmjs.org/@lexical/devtools-core/-/devtools-core-0.40.0.tgz",
      "integrity": "sha512-qOlN4CYXHkdVxAzrZ1Cdu7bAYf1se+R3y7MfjWa6WFFukf7n6+RAoNIWTzpTLM7h7fOrsJLyP0Goi5IZI9wAOQ==",
      "license": "MIT",
      "dependencies": {
        "@lexical/html": "0.40.0",
        "@lexical/link": "0.40.0",
        "@lexical/mark": "0.40.0",
        "@lexical/table": "0.40.0",
        "@lexical/utils": "0.40.0",
        "lexical": "0.40.0"
      },
      "peerDependencies": {
        "react": ">=17.x",
        "react-dom": ">=17.x"
      }
    },
    "node_modules/@lexical/dragon": {
      "version": "0.40.0",
      "resolved": "https://registry.npmjs.org/@lexical/dragon/-/dragon-0.40.0.tgz",
      "integrity": "sha512-QWBZw89CAkw2b3Fl942DxJ7M8/XxFFvVubw9Z7Ac6wgUkGgtF2wrK9F0H8cPZ3pzbUqL1v1EtwW1/XhlLfmQqw==",
      "license": "MIT",
      "dependencies": {
        "@lexical/extension": "0.40.0",
        "lexical": "0.40.0"
      }
    },
    "node_modules/@lexical/extension": {
      "version": "0.40.0",
      "resolved": "https://registry.npmjs.org/@lexical/extension/-/extension-0.40.0.tgz",
      "integrity": "sha512-kipdm0f+xe8ctxHt9S3NPZazMX3ILqIk5xMWxX2svdsRc7qIeMkl+5SLWnBqQA+e5ztLJqa7GSA4WMqu/dBZDQ==",
      "license": "MIT",
      "dependencies": {
        "@lexical/utils": "0.40.0",
        "@preact/signals-core": "^1.11.0",
        "lexical": "0.40.0"
      }
    },
    "node_modules/@lexical/hashtag": {
      "version": "0.40.0",
      "resolved": "https://registry.npmjs.org/@lexical/hashtag/-/hashtag-0.40.0.tgz",
      "integrity": "sha512-k4PKWa8xyMHnnh+ewUboeFr8wKemk1GoMZ6LKN4qnqNKGCHANyJKeHRVUzyLjbiSwcXTrBqtUTV4ZrJXGRIkEw==",
      "license": "MIT",
      "dependencies": {
        "@lexical/text": "0.40.0",
        "@lexical/utils": "0.40.0",
        "lexical": "0.40.0"
      }
    },
    "node_modules/@lexical/history": {
      "version": "0.40.0",
      "resolved": "https://registry.npmjs.org/@lexical/history/-/history-0.40.0.tgz",
      "integrity": "sha512-Jo/9Z1fPlv+IpBkUaVstyKminXWjM1A1yR9UPZv4a3B3e8Rn0gqa+EaY5CXSvscnmh2EHSD8I4s59D4rirUy8Q==",
      "license": "MIT",
      "dependencies": {
        "@lexical/extension": "0.40.0",
        "@lexical/utils": "0.40.0",
        "lexical": "0.40.0"
      }
    },
    "node_modules/@lexical/html": {
      "version": "0.40.0",
      "resolved": "https://registry.npmjs.org/@lexical/html/-/html-0.40.0.tgz",
      "integrity": "sha512-5EZeHbp9Q3Op2KRoVfFvX4QyMizYW5SJkrWkGG6h6g/Z9EDNjb3C7Wjqx7ZosCHcFze6Pgic/0yEaCc2fSUcEg==",
      "license": "MIT",
      "dependencies": {
        "@lexical/selection": "0.40.0",
        "@lexical/utils": "0.40.0",
        "lexical": "0.40.0"
      }
    },
    "node_modules/@lexical/link": {
      "version": "0.40.0",
      "resolved": "https://registry.npmjs.org/@lexical/link/-/link-0.40.0.tgz",
      "integrity": "sha512-4EVMJQ6tKJR+1+YAJ2mhVsRR6Edk6b81hWKjnMZITKhEOKjylxO7bwuXYVYPEckBzL2mXkEhYX5aFnig5+HkMQ==",
      "license": "MIT",
      "dependencies": {
        "@lexical/extension": "0.40.0",
        "@lexical/utils": "0.40.0",
        "lexical": "0.40.0"
      }
    },
    "node_modules/@lexical/list": {
      "version": "0.40.0",
      "resolved": "https://registry.npmjs.org/@lexical/list/-/list-0.40.0.tgz",
      "integrity": "sha512-YHStiN56DOc6tDu/3LwalPtHH8/1R+peiDF+/ePpla9aSDJclAqhxRBYsqSZhO6Hu5QhAEIi2Me7Gi+uZdmCTw==",
      "license": "MIT",
      "dependencies": {
        "@lexical/extension": "0.40.0",
        "@lexical/selection": "0.40.0",
        "@lexical/utils": "0.40.0",
        "lexical": "0.40.0"
      }
    },
    "node_modules/@lexical/mark": {
      "version": "0.40.0",
      "resolved": "https://registry.npmjs.org/@lexical/mark/-/mark-0.40.0.tgz",
      "integrity": "sha512-9XJ0PQmeq5tDSgathAQs1ePMM5zaCBCbD4ShMXJf3fW1udI7e/Swn0Loxw9/VnER9fnVkyejGMC2oMWDQ80FVw==",
      "license": "MIT",
      "dependencies": {
        "@lexical/utils": "0.40.0",
        "lexical": "0.40.0"
      }
    },
    "node_modules/@lexical/markdown": {
      "version": "0.40.0",
      "resolved": "https://registry.npmjs.org/@lexical/markdown/-/markdown-0.40.0.tgz",
      "integrity": "sha512-J0vO4jSPZaazBgFafJhLYaJPBxSMk1nhGnNiu6+TojqOe3tx/0vukCafowNxBDruZFns+r7HsSs+vkmGJtGsrA==",
      "license": "MIT",
      "dependencies": {
        "@lexical/code": "0.40.0",
        "@lexical/link": "0.40.0",
        "@lexical/list": "0.40.0",
        "@lexical/rich-text": "0.40.0",
        "@lexical/text": "0.40.0",
        "@lexical/utils": "0.40.0",
        "lexical": "0.40.0"
      }
    },
    "node_modules/@lexical/offset": {
      "version": "0.40.0",
      "resolved": "https://registry.npmjs.org/@lexical/offset/-/offset-0.40.0.tgz",
      "integrity": "sha512-USytxiqB/mU6tKy2nXs4jhgCES90l8N5lCYxVbho2L/cVXAzBCp1epG///B6Vgm+twSj+jQjhGZioktILnG+FQ==",
      "license": "MIT",
      "dependencies": {
        "lexical": "0.40.0"
      }
    },
    "node_modules/@lexical/overflow": {
      "version": "0.40.0",
      "resolved": "https://registry.npmjs.org/@lexical/overflow/-/overflow-0.40.0.tgz",
      "integrity": "sha512-T1LE8R7LloV9t8m+5IQ7Djkqcbd4mOoX85Jh8cKQ58TFHbkwi8nSe+FJUi3fucOI2atDq9QZCJnpRUCHw4eEwQ==",
      "license": "MIT",
      "dependencies": {
        "lexical": "0.40.0"
      }
    },
    "node_modules/@lexical/plain-text": {
      "version": "0.40.0",
      "resolved": "https://registry.npmjs.org/@lexical/plain-text/-/plain-text-0.40.0.tgz",
      "integrity": "sha512-mr6J1Fu34MwUNOPkzn3l/fZBpD91HLAxs6RBAQ6mfSW7jLXBVDlvhiB4ez9ud/jZ0bgLaY8EG7ooT7htdlkBUQ==",
      "license": "MIT",
      "dependencies": {
        "@lexical/clipboard": "0.40.0",
        "@lexical/dragon": "0.40.0",
        "@lexical/selection": "0.40.0",
        "@lexical/utils": "0.40.0",
        "lexical": "0.40.0"
      }
    },
    "node_modules/@lexical/react": {
      "version": "0.40.0",
      "resolved": "https://registry.npmjs.org/@lexical/react/-/react-0.40.0.tgz",
      "integrity": "sha512-+J73I21LNT659f1IMTbxe055mKnt4H2SkHp3UDxrmWmkWmDaPcq7XG07i8/xCPtYz15aEXUQycqaWQc5pAqF5g==",
      "license": "MIT",
      "dependencies": {
        "@floating-ui/react": "^0.27.16",
        "@lexical/devtools-core": "0.40.0",
        "@lexical/dragon": "0.40.0",
        "@lexical/extension": "0.40.0",
        "@lexical/hashtag": "0.40.0",
        "@lexical/history": "0.40.0",
        "@lexical/link": "0.40.0",
        "@lexical/list": "0.40.0",
        "@lexical/mark": "0.40.0",
        "@lexical/markdown": "0.40.0",
        "@lexical/overflow": "0.40.0",
        "@lexical/plain-text": "0.40.0",
        "@lexical/rich-text": "0.40.0",
        "@lexical/table": "0.40.0",
        "@lexical/text": "0.40.0",
        "@lexical/utils": "0.40.0",
        "@lexical/yjs": "0.40.0",
        "lexical": "0.40.0",
        "react-error-boundary": "^6.0.0"
      },
      "peerDependencies": {
        "react": ">=17.x",
        "react-dom": ">=17.x"
      }
    },
    "node_modules/@lexical/rich-text": {
      "version": "0.40.0",
      "resolved": "https://registry.npmjs.org/@lexical/rich-text/-/rich-text-0.40.0.tgz",
      "integrity": "sha512-aHW9gSYGzEfZNxx14j2xJhihrnKaWA1aoudteP4r7TkNlbfJ3xG9dxp7ItwrAKJlfvI0gkMc1/aZOUIqESbAkw==",
      "license": "MIT",
      "dependencies": {
        "@lexical/clipboard": "0.40.0",
        "@lexical/dragon": "0.40.0",
        "@lexical/selection": "0.40.0",
        "@lexical/utils": "0.40.0",
        "lexical": "0.40.0"
      }
    },
    "node_modules/@lexical/selection": {
      "version": "0.40.0",
      "resolved": "https://registry.npmjs.org/@lexical/selection/-/selection-0.40.0.tgz",
      "integrity": "sha512-iFwZufMlIx9fZ+K3NQip9oxoHzuP+V9rVdkLnfUWC7aO4HNxVPSryEfUnbAs+F5xlOzyVHsu7Xa+CMHfIL8/gQ==",
      "license": "MIT",
      "dependencies": {
        "lexical": "0.40.0"
      }
    },
    "node_modules/@lexical/table": {
      "version": "0.40.0",
      "resolved": "https://registry.npmjs.org/@lexical/table/-/table-0.40.0.tgz",
      "integrity": "sha512-pn5T7Uc80dH8LR2d/sepKc8SjiKKir40AF+5hW0MJAOYfoizd10x72AxPcM6iBYvI0rdW7rD7Lhko1qLmZ0pOw==",
      "license": "MIT",
      "dependencies": {
        "@lexical/clipboard": "0.40.0",
        "@lexical/extension": "0.40.0",
        "@lexical/utils": "0.40.0",
        "lexical": "0.40.0"
      }
    },
    "node_modules/@lexical/text": {
      "version": "0.40.0",
      "resolved": "https://registry.npmjs.org/@lexical/text/-/text-0.40.0.tgz",
      "integrity": "sha512-cTMBrHPzlIRQUkopIUhPwSzcqQDGsCEdjpStylJficwMav9vG+/sJNSG4PFO+4ss5BZ/x7AoM3KH/P2SOzqdbw==",
      "license": "MIT",
      "dependencies": {
        "lexical": "0.40.0"
      }
    },
    "node_modules/@lexical/utils": {
      "version": "0.40.0",
      "resolved": "https://registry.npmjs.org/@lexical/utils/-/utils-0.40.0.tgz",
      "integrity": "sha512-3wkzgQxeb137GtaGWZI23XYB+omGjfYlrvAPJOqcb5z8yS7iAiuHwWULdmi1/jPBClS7z9N8pkNzq06BP8QlZA==",
      "license": "MIT",
      "dependencies": {
        "@lexical/selection": "0.40.0",
        "lexical": "0.40.0"
      }
    },
    "node_modules/@lexical/yjs": {
      "version": "0.40.0",
      "resolved": "https://registry.npmjs.org/@lexical/yjs/-/yjs-0.40.0.tgz",
      "integrity": "sha512-wpasbrlfzBnHhyuUunxZcGwOH+bqfxUuavGgwxDlTTlHJMnyF5bUG7ADcuqd3gFLB+dpABL0lWo6VxdSOo7fdg==",
      "license": "MIT",
      "dependencies": {
        "@lexical/offset": "0.40.0",
        "@lexical/selection": "0.40.0",
        "lexical": "0.40.0"
      },
      "peerDependencies": {
        "yjs": ">=13.5.22"
      }
    },
    "node_modules/@preact/signals-core": {
      "version": "1.13.0",
      "resolved": "https://registry.npmjs.org/@preact/signals-core/-/signals-core-1.13.0.tgz",
      "integrity": "sha512-slT6XeTCAbdql61GVLlGU4x7XHI7kCZV5Um5uhE4zLX4ApgiiXc0UYFvVOKq06xcovzp7p+61l68oPi563ARKg==",
      "license": "MIT",
      "funding": {
        "type": "opencollective",
        "url": "https://opencollective.com/preact"
      }
    },
    "node_modules/@y/protocols": {
      "version": "1.0.6-rc.1",
      "resolved": "https://registry.npmjs.org/@y/protocols/-/protocols-1.0.6-rc.1.tgz",
      "integrity": "sha512-e/qs7hXcLk/SeNitxMXv2ymozyWFTULwbJEi7cAf/K/iXw9nGwGXHrR5TNluQ/bMwOX1cwuUT0hjEojkfH0gsA==",
      "license": "MIT",
      "dependencies": {
        "lib0": "^1.0.0-rc.1"
      },
      "engines": {
        "node": ">=16.0.0",
        "npm": ">=8.0.0"
      },
      "funding": {
        "type": "GitHub Sponsors ❤",
        "url": "https://github.com/sponsors/dmonad"
      },
      "peerDependencies": {
        "@y/y": "*"
      }
    },
    "node_modules/@y/protocols/node_modules/lib0": {
      "version": "1.0.0-rc.2",
      "resolved": "https://registry.npmjs.org/lib0/-/lib0-1.0.0-rc.2.tgz",
      "integrity": "sha512-5rksKU/3m9m04Ra9i5ajA4qNIT+34/qB0srPl/9pZxqm4R2e4w1go5xL32U+CrNdnFXpU3TKrSHS6rxZZVJ3hQ==",
      "license": "MIT",
      "bin": {
        "0ecdsa-generate-keypair": "src/bin/0ecdsa-generate-keypair.js",
        "0gentesthtml": "src/bin/gentesthtml.js",
        "0serve": "src/bin/0serve.js"
      },
      "engines": {
        "node": ">=16"
      },
      "funding": {
        "type": "GitHub Sponsors ❤",
        "url": "https://github.com/sponsors/dmonad"
      }
    },
    "node_modules/@y/y": {
      "version": "14.0.0-16",
      "resolved": "https://registry.npmjs.org/@y/y/-/y-14.0.0-16.tgz",
      "integrity": "sha512-4zwbLnLannzUiEdJn9r3IS2FCVdHqADZHLqAivzAuKeoCGZ55JUFebp/YUtrYuTE2ZaBgctxpzulqAAHaahtIA==",
      "license": "MIT",
      "peer": true,
      "dependencies": {
        "lib0": "^0.2.115-6"
      },
      "engines": {
        "node": ">=16.0.0",
        "npm": ">=8.0.0"
      },
      "funding": {
        "type": "GitHub Sponsors ❤",
        "url": "https://github.com/sponsors/dmonad"
      }
    },
    "node_modules/friendly-username-generator": {
      "version": "2.0.4",
      "resolved": "https://registry.npmjs.org/friendly-username-generator/-/friendly-username-generator-2.0.4.tgz",
      "integrity": "sha512-718y2+j8A28eEsR3AOK4Tp0U/69svwnE6CMtXAvleXHubDim/CsOc2EU4MGBkShB1WzMTO4iO/10JrKaiCc2Sw==",
      "license": "MIT"
    },
    "node_modules/isomorphic.js": {
      "version": "0.2.5",
      "resolved": "https://registry.npmjs.org/isomorphic.js/-/isomorphic.js-0.2.5.tgz",
      "integrity": "sha512-PIeMbHqMt4DnUP3MA/Flc0HElYjMXArsw1qwJZcm9sqR8mq3l8NYizFMty0pWwE/tzIGH3EKK5+jes5mAr85yw==",
      "license": "MIT",
      "funding": {
        "type": "GitHub Sponsors ❤",
        "url": "https://github.com/sponsors/dmonad"
      }
    },
    "node_modules/lexical": {
      "version": "0.40.0",
      "resolved": "https://registry.npmjs.org/lexical/-/lexical-0.40.0.tgz",
      "integrity": "sha512-wNvd/AY13h/QJYvx565M/FSdRjy0l99W5/MFA2x+mbK3KnKa5BifZbHZ1J4/YssCkdyZhSlLwFkyDaYi7l2Dsw==",
      "license": "MIT"
    },
    "node_modules/lib0": {
      "version": "0.2.117",
      "resolved": "https://registry.npmjs.org/lib0/-/lib0-0.2.117.tgz",
      "integrity": "sha512-DeXj9X5xDCjgKLU/7RR+/HQEVzuuEUiwldwOGsHK/sfAfELGWEyTcf0x+uOvCvK3O2zPmZePXWL85vtia6GyZw==",
      "license": "MIT",
      "dependencies": {
        "isomorphic.js": "^0.2.4"
      },
      "bin": {
        "0ecdsa-generate-keypair": "bin/0ecdsa-generate-keypair.js",
        "0gentesthtml": "bin/gentesthtml.js",
        "0serve": "bin/0serve.js"
      },
      "engines": {
        "node": ">=16"
      },
      "funding": {
        "type": "GitHub Sponsors ❤",
        "url": "https://github.com/sponsors/dmonad"
      }
    },
    "node_modules/phoenix": {
      "version": "1.8.4",
      "resolved": "https://registry.npmjs.org/phoenix/-/phoenix-1.8.4.tgz",
      "integrity": "sha512-5wdO9mqU4l0AmcexN8mA0m1BsC4ROv2l55MN31gbxmJPzghc4SxVxnNTh9qaummYa2pbwkoBvG8FezO7cjdr8A==",
      "license": "MIT"
    },
    "node_modules/prismjs": {
      "version": "1.30.0",
      "resolved": "https://registry.npmjs.org/prismjs/-/prismjs-1.30.0.tgz",
      "integrity": "sha512-DEvV2ZF2r2/63V+tK8hQvrR2ZGn10srHbXviTlcv7Kpzw8jWiNTqbVgjO3IY8RxrrOUF8VPMQQFysYYYv0YZxw==",
      "license": "MIT",
      "engines": {
        "node": ">=6"
      }
    },
    "node_modules/react": {
      "version": "19.2.4",
      "resolved": "https://registry.npmjs.org/react/-/react-19.2.4.tgz",
      "integrity": "sha512-9nfp2hYpCwOjAN+8TZFGhtWEwgvWHXqESH8qT89AT/lWklpLON22Lc8pEtnpsZz7VmawabSU0gCjnj8aC0euHQ==",
      "license": "MIT",
      "engines": {
        "node": ">=0.10.0"
      }
    },
    "node_modules/react-dom": {
      "version": "19.2.4",
      "resolved": "https://registry.npmjs.org/react-dom/-/react-dom-19.2.4.tgz",
      "integrity": "sha512-AXJdLo8kgMbimY95O2aKQqsz2iWi9jMgKJhRBAxECE4IFxfcazB2LmzloIoibJI3C12IlY20+KFaLv+71bUJeQ==",
      "license": "MIT",
      "dependencies": {
        "scheduler": "^0.27.0"
      },
      "peerDependencies": {
        "react": "^19.2.4"
      }
    },
    "node_modules/react-error-boundary": {
      "version": "6.1.1",
      "resolved": "https://registry.npmjs.org/react-error-boundary/-/react-error-boundary-6.1.1.tgz",
      "integrity": "sha512-BrYwPOdXi5mqkk5lw+Uvt0ThHx32rCt3BkukS4X23A2AIWDPSGX6iaWTc0y9TU/mHDA/6qOSGel+B2ERkOvD1w==",
      "license": "MIT",
      "peerDependencies": {
        "react": "^18.0.0 || ^19.0.0"
      }
    },
    "node_modules/scheduler": {
      "version": "0.27.0",
      "resolved": "https://registry.npmjs.org/scheduler/-/scheduler-0.27.0.tgz",
      "integrity": "sha512-eNv+WrVbKu1f3vbYJT/xtiF5syA5HPIMtf9IgY/nKg0sWqzAUEvqY/xm7OcZc/qafLx/iO9FgOmeSAp4v5ti/Q==",
      "license": "MIT"
    },
    "node_modules/tabbable": {
      "version": "6.4.0",
      "resolved": "https://registry.npmjs.org/tabbable/-/tabbable-6.4.0.tgz",
      "integrity": "sha512-05PUHKSNE8ou2dwIxTngl4EzcnsCDZGJ/iCLtDflR/SHB/ny14rXc+qU5P4mG9JkusiV7EivzY9Mhm55AzAvCg==",
      "license": "MIT"
    },
    "node_modules/y-phoenix-channel": {
      "version": "0.1.1",
      "resolved": "https://registry.npmjs.org/y-phoenix-channel/-/y-phoenix-channel-0.1.1.tgz",
      "integrity": "sha512-OZpzq0AviYa/UKbCDnQsKAY3kyKpHVh82bIiEivkQ3JHaqxlF9KmiPdLrut6EGeLqvaxV6KxdAHHlEvTEMeJVA==",
      "license": "MIT",
      "dependencies": {
        "@y/protocols": "^1.0.6-1",
        "lib0": "^0.2.102"
      },
      "peerDependencies": {
        "phoenix": "^1",
        "yjs": "^13"
      }
    },
    "node_modules/yjs": {
      "version": "13.6.29",
      "resolved": "https://registry.npmjs.org/yjs/-/yjs-13.6.29.tgz",
      "integrity": "sha512-kHqDPdltoXH+X4w1lVmMtddE3Oeqq48nM40FD5ojTd8xYhQpzIDcfE2keMSU5bAgRPJBe225WTUdyUgj1DtbiQ==",
      "license": "MIT",
      "dependencies": {
        "lib0": "^0.2.99"
      },
      "engines": {
        "node": ">=16.0.0",
        "npm": ">=8.0.0"
      },
      "funding": {
        "type": "GitHub Sponsors ❤",
        "url": "https://github.com/sponsors/dmonad"
      }
    }
  }
}
